// !$*UTF8*$!
{
	archiveVersion = 1;
	classes = {
	};
	objectVersion = 46;
	objects = {

/* Begin PBXBuildFile section */
		838265E71505C6AC00738B43 /* UIKit.framework in Frameworks */ = {isa = PBXBuildFile; fileRef = 838265E61505C6AC00738B43 /* UIKit.framework */; };
		838265E91505C6AC00738B43 /* Foundation.framework in Frameworks */ = {isa = PBXBuildFile; fileRef = 838265E81505C6AC00738B43 /* Foundation.framework */; };
		838265EB1505C6AC00738B43 /* CoreGraphics.framework in Frameworks */ = {isa = PBXBuildFile; fileRef = 838265EA1505C6AC00738B43 /* CoreGraphics.framework */; };
		838265F11505C6AC00738B43 /* InfoPlist.strings in Resources */ = {isa = PBXBuildFile; fileRef = 838265EF1505C6AC00738B43 /* InfoPlist.strings */; };
		838265F31505C6AC00738B43 /* main.m in Sources */ = {isa = PBXBuildFile; fileRef = 838265F21505C6AC00738B43 /* main.m */; };
		838265F71505C6AC00738B43 /* AppDelegate.m in Sources */ = {isa = PBXBuildFile; fileRef = 838265F61505C6AC00738B43 /* AppDelegate.m */; };
		838265FA1505C6AC00738B43 /* ViewController.m in Sources */ = {isa = PBXBuildFile; fileRef = 838265F91505C6AC00738B43 /* ViewController.m */; };
		838265FD1505C6AC00738B43 /* ViewController.xib in Resources */ = {isa = PBXBuildFile; fileRef = 838265FB1505C6AC00738B43 /* ViewController.xib */; };
		838266051505C6AC00738B43 /* SenTestingKit.framework in Frameworks */ = {isa = PBXBuildFile; fileRef = 838266041505C6AC00738B43 /* SenTestingKit.framework */; };
		838266061505C6AC00738B43 /* UIKit.framework in Frameworks */ = {isa = PBXBuildFile; fileRef = 838265E61505C6AC00738B43 /* UIKit.framework */; };
		838266071505C6AC00738B43 /* Foundation.framework in Frameworks */ = {isa = PBXBuildFile; fileRef = 838265E81505C6AC00738B43 /* Foundation.framework */; };
		8382660F1505C6AC00738B43 /* InfoPlist.strings in Resources */ = {isa = PBXBuildFile; fileRef = 8382660D1505C6AC00738B43 /* InfoPlist.strings */; };
		838266121505C6AC00738B43 /* DemoPaymentTests.m in Sources */ = {isa = PBXBuildFile; fileRef = 838266111505C6AC00738B43 /* DemoPaymentTests.m */; };
/* End PBXBuildFile section */

/* Begin PBXContainerItemProxy section */
		838266081505C6AC00738B43 /* PBXContainerItemProxy */ = {
			isa = PBXContainerItemProxy;
			containerPortal = 838265D91505C6AC00738B43 /* Project object */;
			proxyType = 1;
			remoteGlobalIDString = 838265E11505C6AC00738B43;
			remoteInfo = DemoPayment;
		};
/* End PBXContainerItemProxy section */

/* Begin PBXFileReference section */
		838265E21505C6AC00738B43 /* DemoPayment.app */ = {isa = PBXFileReference; explicitFileType = wrapper.application; includeInIndex = 0; path = DemoPayment.app; sourceTree = BUILT_PRODUCTS_DIR; };
		838265E61505C6AC00738B43 /* UIKit.framework */ = {isa = PBXFileReference; lastKnownFileType = wrapper.framework; name = UIKit.framework; path = System/Library/Frameworks/UIKit.framework; sourceTree = SDKROOT; };
		838265E81505C6AC00738B43 /* Foundation.framework */ = {isa = PBXFileReference; lastKnownFileType = wrapper.framework; name = Foundation.framework; path = System/Library/Frameworks/Foundation.framework; sourceTree = SDKROOT; };
		838265EA1505C6AC00738B43 /* CoreGraphics.framework */ = {isa = PBXFileReference; lastKnownFileType = wrapper.framework; name = CoreGraphics.framework; path = System/Library/Frameworks/CoreGraphics.framework; sourceTree = SDKROOT; };
		838265EE1505C6AC00738B43 /* DemoPayment-Info.plist */ = {isa = PBXFileReference; path = "DemoPayment-Info.plist"; sourceTree = "<group>"; };
		838265F01505C6AC00738B43 /* en */ = {isa = PBXFileReference; lastKnownFileType = text.plist.strings; name = en; path = en.lproj/InfoPlist.strings; sourceTree = "<group>"; };
		838265F21505C6AC00738B43 /* main.m */ = {isa = PBXFileReference; lastKnownFileType = sourcecode.c.objc; path = main.m; sourceTree = "<group>"; };
		838265F41505C6AC00738B43 /* DemoPayment-Prefix.pch */ = {isa = PBXFileReference; path = "DemoPayment-Prefix.pch"; sourceTree = "<group>"; };
		838265F51505C6AC00738B43 /* AppDelegate.h */ = {isa = PBXFileReference; path = AppDelegate.h; sourceTree = "<group>"; };
		838265F61505C6AC00738B43 /* AppDelegate.m */ = {isa = PBXFileReference; lastKnownFileType = sourcecode.c.objc; path = AppDelegate.m; sourceTree = "<group>"; };
		838265F81505C6AC00738B43 /* ViewController.h */ = {isa = PBXFileReference; path = ViewController.h; sourceTree = "<group>"; };
		838265F91505C6AC00738B43 /* ViewController.m */ = {isa = PBXFileReference; lastKnownFileType = sourcecode.c.objc; path = ViewController.m; sourceTree = "<group>"; };
		838265FC1505C6AC00738B43 /* en */ = {isa = PBXFileReference; lastKnownFileType = file.xib; name = en; path = en.lproj/ViewController.xib; sourceTree = "<group>"; };
		838266031505C6AC00738B43 /* DemoPaymentTests.octest */ = {isa = PBXFileReference; explicitFileType = wrapper.cfbundle; includeInIndex = 0; path = DemoPaymentTests.octest; sourceTree = BUILT_PRODUCTS_DIR; };
		838266041505C6AC00738B43 /* SenTestingKit.framework */ = {isa = PBXFileReference; lastKnownFileType = wrapper.framework; name = SenTestingKit.framework; path = Library/Frameworks/SenTestingKit.framework; sourceTree = DEVELOPER_DIR; };
		8382660C1505C6AC00738B43 /* DemoPaymentTests-Info.plist */ = {isa = PBXFileReference; path = "DemoPaymentTests-Info.plist"; sourceTree = "<group>"; };
		8382660E1505C6AC00738B43 /* en */ = {isa = PBXFileReference; lastKnownFileType = text.plist.strings; name = en; path = en.lproj/InfoPlist.strings; sourceTree = "<group>"; };
		838266101505C6AC00738B43 /* DemoPaymentTests.h */ = {isa = PBXFileReference; path = DemoPaymentTests.h; sourceTree = "<group>"; };
		838266111505C6AC00738B43 /* DemoPaymentTests.m */ = {isa = PBXFileReference; lastKnownFileType = sourcecode.c.objc; path = DemoPaymentTests.m; sourceTree = "<group>"; };
/* End PBXFileReference section */

/* Begin PBXFrameworksBuildPhase section */
		838265DF1505C6AC00738B43 /* Frameworks */ = {
			isa = PBXFrameworksBuildPhase;
			buildActionMask = 2147483647;
			files = (
				838265E71505C6AC00738B43 /* UIKit.framework in Frameworks */,
				838265E91505C6AC00738B43 /* Foundation.framework in Frameworks */,
				838265EB1505C6AC00738B43 /* CoreGraphics.framework in Frameworks */,
			);
			runOnlyForDeploymentPostprocessing = 0;
		};
		838265FF1505C6AC00738B43 /* Frameworks */ = {
			isa = PBXFrameworksBuildPhase;
			buildActionMask = 2147483647;
			files = (
				838266051505C6AC00738B43 /* SenTestingKit.framework in Frameworks */,
				838266061505C6AC00738B43 /* UIKit.framework in Frameworks */,
				838266071505C6AC00738B43 /* Foundation.framework in Frameworks */,
			);
			runOnlyForDeploymentPostprocessing = 0;
		};
/* End PBXFrameworksBuildPhase section */

/* Begin PBXGroup section */
		838265D71505C6AC00738B43 = {
			isa = PBXGroup;
			children = (
				838265EC1505C6AC00738B43 /* DemoPayment */,
				8382660A1505C6AC00738B43 /* DemoPaymentTests */,
				838265E51505C6AC00738B43 /* Frameworks */,
				838265E31505C6AC00738B43 /* Products */,
			);
			sourceTree = "<group>";
		};
		838265E31505C6AC00738B43 /* Products */ = {
			isa = PBXGroup;
			children = (
				838265E21505C6AC00738B43 /* DemoPayment.app */,
				838266031505C6AC00738B43 /* DemoPaymentTests.octest */,
			);
			name = Products;
			sourceTree = "<group>";
		};
		838265E51505C6AC00738B43 /* Frameworks */ = {
			isa = PBXGroup;
			children = (
				838265E61505C6AC00738B43 /* UIKit.framework */,
				838265E81505C6AC00738B43 /* Foundation.framework */,
				838265EA1505C6AC00738B43 /* CoreGraphics.framework */,
				838266041505C6AC00738B43 /* SenTestingKit.framework */,
			);
			name = Frameworks;
			sourceTree = "<group>";
		};
		838265EC1505C6AC00738B43 /* DemoPayment */ = {
			isa = PBXGroup;
			children = (
				838265F51505C6AC00738B43 /* AppDelegate.h */,
				838265F61505C6AC00738B43 /* AppDelegate.m */,
				838265F81505C6AC00738B43 /* ViewController.h */,
				838265F91505C6AC00738B43 /* ViewController.m */,
				838265FB1505C6AC00738B43 /* ViewController.xib */,
				838265ED1505C6AC00738B43 /* Supporting Files */,
			);
			path = DemoPayment;
			sourceTree = "<group>";
		};
		838265ED1505C6AC00738B43 /* Supporting Files */ = {
			isa = PBXGroup;
			children = (
				838265EE1505C6AC00738B43 /* DemoPayment-Info.plist */,
				838265EF1505C6AC00738B43 /* InfoPlist.strings */,
				838265F21505C6AC00738B43 /* main.m */,
				838265F41505C6AC00738B43 /* DemoPayment-Prefix.pch */,
			);
			name = "Supporting Files";
			sourceTree = "<group>";
		};
		8382660A1505C6AC00738B43 /* DemoPaymentTests */ = {
			isa = PBXGroup;
			children = (
				838266101505C6AC00738B43 /* DemoPaymentTests.h */,
				838266111505C6AC00738B43 /* DemoPaymentTests.m */,
				8382660B1505C6AC00738B43 /* Supporting Files */,
			);
			path = DemoPaymentTests;
			sourceTree = "<group>";
		};
		8382660B1505C6AC00738B43 /* Supporting Files */ = {
			isa = PBXGroup;
			children = (
				8382660C1505C6AC00738B43 /* DemoPaymentTests-Info.plist */,
				8382660D1505C6AC00738B43 /* InfoPlist.strings */,
			);
			name = "Supporting Files";
			sourceTree = "<group>";
		};
/* End PBXGroup section */

/* Begin PBXNativeTarget section */
		838265E11505C6AC00738B43 /* DemoPayment */ = {
			isa = PBXNativeTarget;
			buildConfigurationList = 838266151505C6AC00738B43 /* Build configuration list for PBXNativeTarget "DemoPayment" */;
			buildPhases = (
				838265DE1505C6AC00738B43 /* Sources */,
				838265DF1505C6AC00738B43 /* Frameworks */,
				838265E01505C6AC00738B43 /* Resources */,
			);
			buildRules = (
			);
			dependencies = (
			);
			name = DemoPayment;
			productName = DemoPayment;
			productReference = 838265E21505C6AC00738B43 /* DemoPayment.app */;
			productType = "com.apple.product-type.application";
		};
		838266021505C6AC00738B43 /* DemoPaymentTests */ = {
			isa = PBXNativeTarget;
			buildConfigurationList = 838266181505C6AC00738B43 /* Build configuration list for PBXNativeTarget "DemoPaymentTests" */;
			buildPhases = (
				838265FE1505C6AC00738B43 /* Sources */,
				838265FF1505C6AC00738B43 /* Frameworks */,
				838266001505C6AC00738B43 /* Resources */,
				838266011505C6AC00738B43 /* ShellScript */,
			);
			buildRules = (
			);
			dependencies = (
				838266091505C6AC00738B43 /* PBXTargetDependency */,
			);
			name = DemoPaymentTests;
			productName = DemoPaymentTests;
			productReference = 838266031505C6AC00738B43 /* DemoPaymentTests.octest */;
			productType = "com.apple.product-type.bundle";
		};
/* End PBXNativeTarget section */

/* Begin PBXProject section */
		838265D91505C6AC00738B43 /* Project object */ = {
			isa = PBXProject;
			attributes = {
				LastUpgradeCheck = 0420;
				ORGANIZATIONNAME = "basil@tecsolsoftware.com";
			};
			buildConfigurationList = 838265DC1505C6AC00738B43 /* Build configuration list for PBXProject "DemoPayment" */;
			compatibilityVersion = "Xcode 3.2";
			developmentRegion = English;
			hasScannedForEncodings = 0;
			knownRegions = (
				en,
			);
			mainGroup = 838265D71505C6AC00738B43;
			productRefGroup = 838265E31505C6AC00738B43 /* Products */;
			projectDirPath = "";
			projectRoot = "";
			targets = (
				838265E11505C6AC00738B43 /* DemoPayment */,
				838266021505C6AC00738B43 /* DemoPaymentTests */,
			);
		};
/* End PBXProject section */

/* Begin PBXResourcesBuildPhase section */
		838265E01505C6AC00738B43 /* Resources */ = {
			isa = PBXResourcesBuildPhase;
			buildActionMask = 2147483647;
			files = (
				838265F11505C6AC00738B43 /* InfoPlist.strings in Resources */,
				838265FD1505C6AC00738B43 /* ViewController.xib in Resources */,
			);
			runOnlyForDeploymentPostprocessing = 0;
		};
		838266001505C6AC00738B43 /* Resources */ = {
			isa = PBXResourcesBuildPhase;
			buildActionMask = 2147483647;
			files = (
				8382660F1505C6AC00738B43 /* InfoPlist.strings in Resources */,
			);
			runOnlyForDeploymentPostprocessing = 0;
		};
/* End PBXResourcesBuildPhase section */

/* Begin PBXShellScriptBuildPhase section */
		838266011505C6AC00738B43 /* ShellScript */ = {
			isa = PBXShellScriptBuildPhase;
			buildActionMask = 2147483647;
			files = (
			);
			inputPaths = (
			);
			outputPaths = (
			);
			runOnlyForDeploymentPostprocessing = 0;
			shellPath = /bin/sh;
			shellScript = "# Run the unit tests in this test bundle.\n\"${SYSTEM_DEVELOPER_DIR}/Tools/RunUnitTests\"\n";
		};
/* End PBXShellScriptBuildPhase section */

/* Begin PBXSourcesBuildPhase section */
		838265DE1505C6AC00738B43 /* Sources */ = {
			isa = PBXSourcesBuildPhase;
			buildActionMask = 2147483647;
			files = (
				838265F31505C6AC00738B43 /* main.m in Sources */,
				838265F71505C6AC00738B43 /* AppDelegate.m in Sources */,
				838265FA1505C6AC00738B43 /* ViewController.m in Sources */,
			);
			runOnlyForDeploymentPostprocessing = 0;
		};
		838265FE1505C6AC00738B43 /* Sources */ = {
			isa = PBXSourcesBuildPhase;
			buildActionMask = 2147483647;
			files = (
				838266121505C6AC00738B43 /* DemoPaymentTests.m in Sources */,
			);
			runOnlyForDeploymentPostprocessing = 0;
		};
/* End PBXSourcesBuildPhase section */

/* Begin PBXTargetDependency section */
		838266091505C6AC00738B43 /* PBXTargetDependency */ = {
			isa = PBXTargetDependency;
			target = 838265E11505C6AC00738B43 /* DemoPayment */;
			targetProxy = 838266081505C6AC00738B43 /* PBXContainerItemProxy */;
		};
/* End PBXTargetDependency section */

/* Begin PBXVariantGroup section */
		838265EF1505C6AC00738B43 /* InfoPlist.strings */ = {
			isa = PBXVariantGroup;
			children = (
				838265F01505C6AC00738B43 /* en */,
			);
			name = InfoPlist.strings;
			sourceTree = "<group>";
		};
		838265FB1505C6AC00738B43 /* ViewController.xib */ = {
			isa = PBXVariantGroup;
			children = (
				838265FC1505C6AC00738B43 /* en */,
			);
			name = ViewController.xib;
			sourceTree = "<group>";
		};
		8382660D1505C6AC00738B43 /* InfoPlist.strings */ = {
			isa = PBXVariantGroup;
			children = (
				8382660E1505C6AC00738B43 /* en */,
			);
			name = InfoPlist.strings;
			sourceTree = "<group>";
		};
/* End PBXVariantGroup section */

/* Begin XCBuildConfiguration section */
		838266131505C6AC00738B43 /* Debug */ = {
			isa = XCBuildConfiguration;
			buildSettings = {
				ALWAYS_SEARCH_USER_PATHS = NO;
				ARCHS = "$(ARCHS_STANDARD_32_BIT)";
				CLANG_ENABLE_OBJC_ARC = YES;
				"CODE_SIGN_IDENTITY[sdk=iphoneos*]" = "iPhone Developer";
				COPY_PHASE_STRIP = NO;
				GCC_C_LANGUAGE_STANDARD = gnu99;
				GCC_DYNAMIC_NO_PIC = NO;
				GCC_OPTIMIZATION_LEVEL = 0;
				GCC_PREPROCESSOR_DEFINITIONS = (
					"DEBUG=1",
					"$(inherited)",
				);
				GCC_SYMBOLS_PRIVATE_EXTERN = NO;
				GCC_VERSION = com.apple.compilers.llvm.clang.1_0;
				GCC_WARN_ABOUT_MISSING_PROTOTYPES = YES;
				GCC_WARN_ABOUT_RETURN_TYPE = YES;
				GCC_WARN_UNUSED_VARIABLE = YES;
				IPHONEOS_DEPLOYMENT_TARGET = 5.0;
				SDKROOT = iphoneos;
			};
			name = Debug;
		};
		838266141505C6AC00738B43 /* Release */ = {
			isa = XCBuildConfiguration;
			buildSettings = {
				ALWAYS_SEARCH_USER_PATHS = NO;
				ARCHS = "$(ARCHS_STANDARD_32_BIT)";
				CLANG_ENABLE_OBJC_ARC = YES;
				"CODE_SIGN_IDENTITY[sdk=iphoneos*]" = "iPhone Developer";
				COPY_PHASE_STRIP = YES;
				GCC_C_LANGUAGE_STANDARD = gnu99;
				GCC_VERSION = com.apple.compilers.llvm.clang.1_0;
				GCC_WARN_ABOUT_MISSING_PROTOTYPES = YES;
				GCC_WARN_ABOUT_RETURN_TYPE = YES;
				GCC_WARN_UNUSED_VARIABLE = YES;
				IPHONEOS_DEPLOYMENT_TARGET = 5.0;
				OTHER_CFLAGS = "-DNS_BLOCK_ASSERTIONS=1";
				SDKROOT = iphoneos;
				VALIDATE_PRODUCT = YES;
			};
			name = Release;
		};
		838266161505C6AC00738B43 /* Debug */ = {
			isa = XCBuildConfiguration;
			buildSettings = {
				GCC_PRECOMPILE_PREFIX_HEADER = YES;
				GCC_PREFIX_HEADER = "DemoPayment/DemoPayment-Prefix.pch";
				INFOPLIST_FILE = "DemoPayment/DemoPayment-Info.plist";
				PRODUCT_NAME = "$(TARGET_NAME)";
				WRAPPER_EXTENSION = app;
			};
			name = Debug;
		};
		838266171505C6AC00738B43 /* Release */ = {
			isa = XCBuildConfiguration;
			buildSettings = {
				GCC_PRECOMPILE_PREFIX_HEADER = YES;
				GCC_PREFIX_HEADER = "DemoPayment/DemoPayment-Prefix.pch";
				INFOPLIST_FILE = "DemoPayment/DemoPayment-Info.plist";
				PRODUCT_NAME = "$(TARGET_NAME)";
				WRAPPER_EXTENSION = app;
			};
			name = Release;
		};
		838266191505C6AC00738B43 /* Debug */ = {
			isa = XCBuildConfiguration;
			buildSettings = {
				BUNDLE_LOADER = "$(BUILT_PRODUCTS_DIR)/DemoPayment.app/DemoPayment";
				FRAMEWORK_SEARCH_PATHS = (
					"$(SDKROOT)/Developer/Library/Frameworks",
					"$(DEVELOPER_LIBRARY_DIR)/Frameworks",
				);
				GCC_PRECOMPILE_PREFIX_HEADER = YES;
				GCC_PREFIX_HEADER = "DemoPayment/DemoPayment-Prefix.pch";
				INFOPLIST_FILE = "DemoPaymentTests/DemoPaymentTests-Info.plist";
				PRODUCT_NAME = "$(TARGET_NAME)";
				TEST_HOST = "$(BUNDLE_LOADER)";
				WRAPPER_EXTENSION = octest;
			};
			name = Debug;
		};
		8382661A1505C6AC00738B43 /* Release */ = {
			isa = XCBuildConfiguration;
			buildSettings = {
				BUNDLE_LOADER = "$(BUILT_PRODUCTS_DIR)/DemoPayment.app/DemoPayment";
				FRAMEWORK_SEARCH_PATHS = (
					"$(SDKROOT)/Developer/Library/Frameworks",
					"$(DEVELOPER_LIBRARY_DIR)/Frameworks",
				);
				GCC_PRECOMPILE_PREFIX_HEADER = YES;
				GCC_PREFIX_HEADER = "DemoPayment/DemoPayment-Prefix.pch";
				INFOPLIST_FILE = "DemoPaymentTests/DemoPaymentTests-Info.plist";
				PRODUCT_NAME = "$(TARGET_NAME)";
				TEST_HOST = "$(BUNDLE_LOADER)";
				WRAPPER_EXTENSION = octest;
			};
			name = Release;
		};
/* End XCBuildConfiguration section */

/* Begin XCConfigurationList section */
		838265DC1505C6AC00738B43 /* Build configuration list for PBXProject "DemoPayment" */ = {
			isa = XCConfigurationList;
			buildConfigurations = (
				838266131505C6AC00738B43 /* Debug */,
				838266141505C6AC00738B43 /* Release */,
			);
			defaultConfigurationIsVisible = 0;
			defaultConfigurationName = Release;
		};
		838266151505C6AC00738B43 /* Build configuration list for PBXNativeTarget "DemoPayment" */ = {
			isa = XCConfigurationList;
			buildConfigurations = (
				838266161505C6AC00738B43 /* Debug */,
				838266171505C6AC00738B43 /* Release */,
			);
			defaultConfigurationIsVisible = 0;
		};
		838266181505C6AC00738B43 /* Build configuration list for PBXNativeTarget "DemoPaymentTests" */ = {
			isa = XCConfigurationList;
			buildConfigurations = (
				838266191505C6AC00738B43 /* Debug */,
				8382661A1505C6AC00738B43 /* Release */,
			);
			defaultConfigurationIsVisible = 0;
		};
/* End XCConfigurationList section */
	};
	rootObject = 838265D91505C6AC00738B43 /* Project object */;
}
